
Microsoft Visual Studio Solution File, Format Version 12.00
# Visual Studio Version 16
VisualStudioVersion = 16.0.29905.134
MinimumVisualStudioVersion = 10.0.40219.1
Project("{FAE04EC0-301F-11D3-BF4B-00C04F79EFBC}") = "RPM_Tool", "RPM_Tool.csproj", "{375AE1C0-DC10-4E9B-96AD-1ABD4313F367}"
EndProject
Global
	GlobalSection(SolutionConfigurationPlatforms) = preSolution
		Debug|Any CPU = Debug|Any CPU
		Release|Any CPU = Release|Any CPU
	EndGlobalSection
	GlobalSection(ProjectConfigurationPlatforms) = postSolution
		{375AE1C0-DC10-4E9B-96AD-1ABD4313F367}.Debug|Any CPU.ActiveCfg = Debug|Any CPU
		{375AE1C0-DC10-4E9B-96AD-1ABD4313F367}.Debug|Any CPU.Build.0 = Debug|Any CPU
		{375AE1C0-DC10-4E9B-96AD-1ABD4313F367}.Release|Any CPU.ActiveCfg = Release|Any CPU
		{375AE1C0-DC10-4E9B-96AD-1ABD4313F367}.Release|Any CPU.Build.0 = Release|Any CPU
	EndGlobalSection
	GlobalSection(SolutionProperties) = preSolution
		HideSolutionNode = FALSE
	EndGlobalSection
	GlobalSection(ExtensibilityGlobals) = postSolution
		SolutionGuid = {67DC5BD1-C3F8-4779-96EF-587149DCE3D8}
	EndGlobalSection
EndGlobal
